// !$*UTF8*$!
{
	archiveVersion = 1;
	classes = {
	};
	objectVersion = 46;
	objects = {

/* Begin PBXBuildFile section */
		3F3723121EDE23260009CE88 /* AppDelegate.swift in Sources */ = {isa = PBXBuildFile; fileRef = 3F3723111EDE23260009CE88 /* AppDelegate.swift */; };
		3F3723141EDE23260009CE88 /* ViewController.swift in Sources */ = {isa = PBXBuildFile; fileRef = 3F3723131EDE23260009CE88 /* ViewController.swift */; };
		3F3723171EDE23260009CE88 /* Main.storyboard in Resources */ = {isa = PBXBuildFile; fileRef = 3F3723151EDE23260009CE88 /* Main.storyboard */; };
		3F3723191EDE23260009CE88 /* Assets.xcassets in Resources */ = {isa = PBXBuildFile; fileRef = 3F3723181EDE23260009CE88 /* Assets.xcassets */; };
		3F37231C1EDE23260009CE88 /* LaunchScreen.storyboard in Resources */ = {isa = PBXBuildFile; fileRef = 3F37231A1EDE23260009CE88 /* LaunchScreen.storyboard */; };
		3F3723271EDE23260009CE88 /* HW7Tests.swift in Sources */ = {isa = PBXBuildFile; fileRef = 3F3723261EDE23260009CE88 /* HW7Tests.swift */; };
		3F3723321EDE23260009CE88 /* HW7UITests.swift in Sources */ = {isa = PBXBuildFile; fileRef = 3F3723311EDE23260009CE88 /* HW7UITests.swift */; };
/* End PBXBuildFile section */

/* Begin PBXContainerItemProxy section */
		3F3723231EDE23260009CE88 /* PBXContainerItemProxy */ = {
			isa = PBXContainerItemProxy;
			containerPortal = 3F3723061EDE23260009CE88 /* Project object */;
			proxyType = 1;
			remoteGlobalIDString = 3F37230D1EDE23260009CE88;
			remoteInfo = HW7;
		};
		3F37232E1EDE23260009CE88 /* PBXContainerItemProxy */ = {
			isa = PBXContainerItemProxy;
			containerPortal = 3F3723061EDE23260009CE88 /* Project object */;
			proxyType = 1;
			remoteGlobalIDString = 3F37230D1EDE23260009CE88;
			remoteInfo = HW7;
		};
/* End PBXContainerItemProxy section */

/* Begin PBXFileReference section */
		3F37230E1EDE23260009CE88 /* HW7.app */ = {isa = PBXFileReference; explicitFileType = wrapper.application; includeInIndex = 0; path = HW7.app; sourceTree = BUILT_PRODUCTS_DIR; };
		3F3723111EDE23260009CE88 /* AppDelegate.swift */ = {isa = PBXFileReference; lastKnownFileType = sourcecode.swift; path = AppDelegate.swift; sourceTree = "<group>"; };
		3F3723131EDE23260009CE88 /* ViewController.swift */ = {isa = PBXFileReference; lastKnownFileType = sourcecode.swift; path = ViewController.swift; sourceTree = "<group>"; };
		3F3723161EDE23260009CE88 /* Base */ = {isa = PBXFileReference; lastKnownFileType = file.storyboard; name = Base; path = Base.lproj/Main.storyboard; sourceTree = "<group>"; };
		3F3723181EDE23260009CE88 /* Assets.xcassets */ = {isa = PBXFileReference; lastKnownFileType = folder.assetcatalog; path = Assets.xcassets; sourceTree = "<group>"; };
		3F37231B1EDE23260009CE88 /* Base */ = {isa = PBXFileReference; lastKnownFileType = file.storyboard; name = Base; path = Base.lproj/LaunchScreen.storyboard; sourceTree = "<group>"; };
		3F37231D1EDE23260009CE88 /* Info.plist */ = {isa = PBXFileReference; lastKnownFileType = text.plist.xml; path = Info.plist; sourceTree = "<group>"; };
		3F3723221EDE23260009CE88 /* HW7Tests.xctest */ = {isa = PBXFileReference; explicitFileType = wrapper.cfbundle; includeInIndex = 0; path = HW7Tests.xctest; sourceTree = BUILT_PRODUCTS_DIR; };
		3F3723261EDE23260009CE88 /* HW7Tests.swift */ = {isa = PBXFileReference; lastKnownFileType = sourcecode.swift; path = HW7Tests.swift; sourceTree = "<group>"; };
		3F3723281EDE23260009CE88 /* Info.plist */ = {isa = PBXFileReference; lastKnownFileType = text.plist.xml; path = Info.plist; sourceTree = "<group>"; };
		3F37232D1EDE23260009CE88 /* HW7UITests.xctest */ = {isa = PBXFileReference; explicitFileType = wrapper.cfbundle; includeInIndex = 0; path = HW7UITests.xctest; sourceTree = BUILT_PRODUCTS_DIR; };
		3F3723311EDE23260009CE88 /* HW7UITests.swift */ = {isa = PBXFileReference; lastKnownFileType = sourcecode.swift; path = HW7UITests.swift; sourceTree = "<group>"; };
		3F3723331EDE23260009CE88 /* Info.plist */ = {isa = PBXFileReference; lastKnownFileType = text.plist.xml; path = Info.plist; sourceTree = "<group>"; };
/* End PBXFileReference section */

/* Begin PBXFrameworksBuildPhase section */
		3F37230B1EDE23260009CE88 /* Frameworks */ = {
			isa = PBXFrameworksBuildPhase;
			buildActionMask = 2147483647;
			files = (
			);
			runOnlyForDeploymentPostprocessing = 0;
		};
		3F37231F1EDE23260009CE88 /* Frameworks */ = {
			isa = PBXFrameworksBuildPhase;
			buildActionMask = 2147483647;
			files = (
			);
			runOnlyForDeploymentPostprocessing = 0;
		};
		3F37232A1EDE23260009CE88 /* Frameworks */ = {
			isa = PBXFrameworksBuildPhase;
			buildActionMask = 2147483647;
			files = (
			);
			runOnlyForDeploymentPostprocessing = 0;
		};
/* End PBXFrameworksBuildPhase section */

/* Begin PBXGroup section */
		3F3723051EDE23260009CE88 = {
			isa = PBXGroup;
			children = (
				3F3723101EDE23260009CE88 /* HW7 */,
				3F3723251EDE23260009CE88 /* HW7Tests */,
				3F3723301EDE23260009CE88 /* HW7UITests */,
				3F37230F1EDE23260009CE88 /* Products */,
			);
			sourceTree = "<group>";
		};
		3F37230F1EDE23260009CE88 /* Products */ = {
			isa = PBXGroup;
			children = (
				3F37230E1EDE23260009CE88 /* HW7.app */,
				3F3723221EDE23260009CE88 /* HW7Tests.xctest */,
				3F37232D1EDE23260009CE88 /* HW7UITests.xctest */,
			);
			name = Products;
			sourceTree = "<group>";
		};
		3F3723101EDE23260009CE88 /* HW7 */ = {
			isa = PBXGroup;
			children = (
				3F3723111EDE23260009CE88 /* AppDelegate.swift */,
				3F3723131EDE23260009CE88 /* ViewController.swift */,
				3F3723151EDE23260009CE88 /* Main.storyboard */,
				3F3723181EDE23260009CE88 /* Assets.xcassets */,
				3F37231A1EDE23260009CE88 /* LaunchScreen.storyboard */,
				3F37231D1EDE23260009CE88 /* Info.plist */,
			);
			path = HW7;
			sourceTree = "<group>";
		};
		3F3723251EDE23260009CE88 /* HW7Tests */ = {
			isa = PBXGroup;
			children = (
				3F3723261EDE23260009CE88 /* HW7Tests.swift */,
				3F3723281EDE23260009CE88 /* Info.plist */,
			);
			path = HW7Tests;
			sourceTree = "<group>";
		};
		3F3723301EDE23260009CE88 /* HW7UITests */ = {
			isa = PBXGroup;
			children = (
				3F3723311EDE23260009CE88 /* HW7UITests.swift */,
				3F3723331EDE23260009CE88 /* Info.plist */,
			);
			path = HW7UITests;
			sourceTree = "<group>";
		};
/* End PBXGroup section */

/* Begin PBXNativeTarget section */
		3F37230D1EDE23260009CE88 /* HW7 */ = {
			isa = PBXNativeTarget;
			buildConfigurationList = 3F3723361EDE23260009CE88 /* Build configuration list for PBXNativeTarget "HW7" */;
			buildPhases = (
				3F37230A1EDE23260009CE88 /* Sources */,
				3F37230B1EDE23260009CE88 /* Frameworks */,
				3F37230C1EDE23260009CE88 /* Resources */,
			);
			buildRules = (
			);
			dependencies = (
			);
			name = HW7;
			productName = HW7;
			productReference = 3F37230E1EDE23260009CE88 /* HW7.app */;
			productType = "com.apple.product-type.application";
		};
		3F3723211EDE23260009CE88 /* HW7Tests */ = {
			isa = PBXNativeTarget;
			buildConfigurationList = 3F3723391EDE23260009CE88 /* Build configuration list for PBXNativeTarget "HW7Tests" */;
			buildPhases = (
				3F37231E1EDE23260009CE88 /* Sources */,
				3F37231F1EDE23260009CE88 /* Frameworks */,
				3F3723201EDE23260009CE88 /* Resources */,
			);
			buildRules = (
			);
			dependencies = (
				3F3723241EDE23260009CE88 /* PBXTargetDependency */,
			);
			name = HW7Tests;
			productName = HW7Tests;
			productReference = 3F3723221EDE23260009CE88 /* HW7Tests.xctest */;
			productType = "com.apple.product-type.bundle.unit-test";
		};
		3F37232C1EDE23260009CE88 /* HW7UITests */ = {
			isa = PBXNativeTarget;
			buildConfigurationList = 3F37233C1EDE23260009CE88 /* Build configuration list for PBXNativeTarget "HW7UITests" */;
			buildPhases = (
				3F3723291EDE23260009CE88 /* Sources */,
				3F37232A1EDE23260009CE88 /* Frameworks */,
				3F37232B1EDE23260009CE88 /* Resources */,
			);
			buildRules = (
			);
			dependencies = (
				3F37232F1EDE23260009CE88 /* PBXTargetDependency */,
			);
			name = HW7UITests;
			productName = HW7UITests;
			productReference = 3F37232D1EDE23260009CE88 /* HW7UITests.xctest */;
			productType = "com.apple.product-type.bundle.ui-testing";
		};
/* End PBXNativeTarget section */

/* Begin PBXProject section */
		3F3723061EDE23260009CE88 /* Project object */ = {
			isa = PBXProject;
			attributes = {
				LastSwiftUpdateCheck = 0830;
				LastUpgradeCheck = 0830;
				ORGANIZATIONNAME = Student;
				TargetAttributes = {
					3F37230D1EDE23260009CE88 = {
						CreatedOnToolsVersion = 8.3.2;
						ProvisioningStyle = Automatic;
					};
					3F3723211EDE23260009CE88 = {
						CreatedOnToolsVersion = 8.3.2;
						ProvisioningStyle = Automatic;
						TestTargetID = 3F37230D1EDE23260009CE88;
					};
					3F37232C1EDE23260009CE88 = {
						CreatedOnToolsVersion = 8.3.2;
						ProvisioningStyle = Automatic;
						TestTargetID = 3F37230D1EDE23260009CE88;
					};
				};
			};
			buildConfigurationList = 3F3723091EDE23260009CE88 /* Build configuration list for PBXProject "HW7" */;
			compatibilityVersion = "Xcode 3.2";
			developmentRegion = English;
			hasScannedForEncodings = 0;
			knownRegions = (
				en,
				Base,
			);
			mainGroup = 3F3723051EDE23260009CE88;
			productRefGroup = 3F37230F1EDE23260009CE88 /* Products */;
			projectDirPath = "";
			projectRoot = "";
			targets = (
				3F37230D1EDE23260009CE88 /* HW7 */,
				3F3723211EDE23260009CE88 /* HW7Tests */,
				3F37232C1EDE23260009CE88 /* HW7UITests */,
			);
		};
/* End PBXProject section */

/* Begin PBXResourcesBuildPhase section */
		3F37230C1EDE23260009CE88 /* Resources */ = {
			isa = PBXResourcesBuildPhase;
			buildActionMask = 2147483647;
			files = (
				3F37231C1EDE23260009CE88 /* LaunchScreen.storyboard in Resources */,
				3F3723191EDE23260009CE88 /* Assets.xcassets in Resources */,
				3F3723171EDE23260009CE88 /* Main.storyboard in Resources */,
			);
			runOnlyForDeploymentPostprocessing = 0;
		};
		3F3723201EDE23260009CE88 /* Resources */ = {
			isa = PBXResourcesBuildPhase;
			buildActionMask = 2147483647;
			files = (
			);
			runOnlyForDeploymentPostprocessing = 0;
		};
		3F37232B1EDE23260009CE88 /* Resources */ = {
			isa = PBXResourcesBuildPhase;
			buildActionMask = 2147483647;
			files = (
			);
			runOnlyForDeploymentPostprocessing = 0;
		};
/* End PBXResourcesBuildPhase section */

/* Begin PBXSourcesBuildPhase section */
		3F37230A1EDE23260009CE88 /* Sources */ = {
			isa = PBXSourcesBuildPhase;
			buildActionMask = 2147483647;
			files = (
				3F3723141EDE23260009CE88 /* ViewController.swift in Sources */,
				3F3723121EDE23260009CE88 /* AppDelegate.swift in Sources */,
			);
			runOnlyForDeploymentPostprocessing = 0;
		};
		3F37231E1EDE23260009CE88 /* Sources */ = {
			isa = PBXSourcesBuildPhase;
			buildActionMask = 2147483647;
			files = (
				3F3723271EDE23260009CE88 /* HW7Tests.swift in Sources */,
			);
			runOnlyForDeploymentPostprocessing = 0;
		};
		3F3723291EDE23260009CE88 /* Sources */ = {
			isa = PBXSourcesBuildPhase;
			buildActionMask = 2147483647;
			files = (
				3F3723321EDE23260009CE88 /* HW7UITests.swift in Sources */,
			);
			runOnlyForDeploymentPostprocessing = 0;
		};
/* End PBXSourcesBuildPhase section */

/* Begin PBXTargetDependency section */
		3F3723241EDE23260009CE88 /* PBXTargetDependency */ = {
			isa = PBXTargetDependency;
			target = 3F37230D1EDE23260009CE88 /* HW7 */;
			targetProxy = 3F3723231EDE23260009CE88 /* PBXContainerItemProxy */;
		};
		3F37232F1EDE23260009CE88 /* PBXTargetDependency */ = {
			isa = PBXTargetDependency;
			target = 3F37230D1EDE23260009CE88 /* HW7 */;
			targetProxy = 3F37232E1EDE23260009CE88 /* PBXContainerItemProxy */;
		};
/* End PBXTargetDependency section */

/* Begin PBXVariantGroup section */
		3F3723151EDE23260009CE88 /* Main.storyboard */ = {
			isa = PBXVariantGroup;
			children = (
				3F3723161EDE23260009CE88 /* Base */,
			);
			name = Main.storyboard;
			sourceTree = "<group>";
		};
		3F37231A1EDE23260009CE88 /* LaunchScreen.storyboard */ = {
			isa = PBXVariantGroup;
			children = (
				3F37231B1EDE23260009CE88 /* Base */,
			);
			name = LaunchScreen.storyboard;
			sourceTree = "<group>";
		};
/* End PBXVariantGroup section */

/* Begin XCBuildConfiguration section */
		3F3723341EDE23260009CE88 /* Debug */ = {
			isa = XCBuildConfiguration;
			buildSettings = {
				ALWAYS_SEARCH_USER_PATHS = NO;
				CLANG_ANALYZER_NONNULL = YES;
				CLANG_ANALYZER_NUMBER_OBJECT_CONVERSION = YES_AGGRESSIVE;
				CLANG_CXX_LANGUAGE_STANDARD = "gnu++0x";
				CLANG_CXX_LIBRARY = "libc++";
				CLANG_ENABLE_MODULES = YES;
				CLANG_ENABLE_OBJC_ARC = YES;
				CLANG_WARN_BOOL_CONVERSION = YES;
				CLANG_WARN_CONSTANT_CONVERSION = YES;
				CLANG_WARN_DIRECT_OBJC_ISA_USAGE = YES_ERROR;
				CLANG_WARN_DOCUMENTATION_COMMENTS = YES;
				CLANG_WARN_EMPTY_BODY = YES;
				CLANG_WARN_ENUM_CONVERSION = YES;
				CLANG_WARN_INFINITE_RECURSION = YES;
				CLANG_WARN_INT_CONVERSION = YES;
				CLANG_WARN_OBJC_ROOT_CLASS = YES_ERROR;
				CLANG_WARN_SUSPICIOUS_MOVE = YES;
				CLANG_WARN_UNREACHABLE_CODE = YES;
				CLANG_WARN__DUPLICATE_METHOD_MATCH = YES;
				"CODE_SIGN_IDENTITY[sdk=iphoneos*]" = "iPhone Developer";
				COPY_PHASE_STRIP = NO;
				DEBUG_INFORMATION_FORMAT = dwarf;
				ENABLE_STRICT_OBJC_MSGSEND = YES;
				ENABLE_TESTABILITY = YES;
				GCC_C_LANGUAGE_STANDARD = gnu99;
				GCC_DYNAMIC_NO_PIC = NO;
				GCC_NO_COMMON_BLOCKS = YES;
				GCC_OPTIMIZATION_LEVEL = 0;
				GCC_PREPROCESSOR_DEFINITIONS = (
					"DEBUG=1",
					"$(inherited)",
				);
				GCC_WARN_64_TO_32_BIT_CONVERSION = YES;
				GCC_WARN_ABOUT_RETURN_TYPE = YES_ERROR;
				GCC_WARN_UNDECLARED_SELECTOR = YES;
				GCC_WARN_UNINITIALIZED_AUTOS = YES_AGGRESSIVE;
				GCC_WARN_UNUSED_FUNCTION = YES;
				GCC_WARN_UNUSED_VARIABLE = YES;
				IPHONEOS_DEPLOYMENT_TARGET = 10.3;
				MTL_ENABLE_DEBUG_INFO = YES;
				ONLY_ACTIVE_ARCH = YES;
				SDKROOT = iphoneos;
				SWIFT_ACTIVE_COMPILATION_CONDITIONS = DEBUG;
				SWIFT_OPTIMIZATION_LEVEL = "-Onone";
				TARGETED_DEVICE_FAMILY = "1,2";
			};
			name = Debug;
		};
		3F3723351EDE23260009CE88 /* Release */ = {
			isa = XCBuildConfiguration;
			buildSettings = {
				ALWAYS_SEARCH_USER_PATHS = NO;
				CLANG_ANALYZER_NONNULL = YES;
				CLANG_ANALYZER_NUMBER_OBJECT_CONVERSION = YES_AGGRESSIVE;
				CLANG_CXX_LANGUAGE_STANDARD = "gnu++0x";
				CLANG_CXX_LIBRARY = "libc++";
				CLANG_ENABLE_MODULES = YES;
				CLANG_ENABLE_OBJC_ARC = YES;
				CLANG_WARN_BOOL_CONVERSION = YES;
				CLANG_WARN_CONSTANT_CONVERSION = YES;
				CLANG_WARN_DIRECT_OBJC_ISA_USAGE = YES_ERROR;
				CLANG_WARN_DOCUMENTATION_COMMENTS = YES;
				CLANG_WARN_EMPTY_BODY = YES;
				CLANG_WARN_ENUM_CONVERSION = YES;
				CLANG_WARN_INFINITE_RECURSION = YES;
				CLANG_WARN_INT_CONVERSION = YES;
				CLANG_WARN_OBJC_ROOT_CLASS = YES_ERROR;
				CLANG_WARN_SUSPICIOUS_MOVE = YES;
				CLANG_WARN_UNREACHABLE_CODE = YES;
				CLANG_WARN__DUPLICATE_METHOD_MATCH = YES;
				"CODE_SIGN_IDENTITY[sdk=iphoneos*]" = "iPhone Developer";
				COPY_PHASE_STRIP = NO;
				DEBUG_INFORMATION_FORMAT = "dwarf-with-dsym";
				ENABLE_NS_ASSERTIONS = NO;
				ENABLE_STRICT_OBJC_MSGSEND = YES;
				GCC_C_LANGUAGE_STANDARD = gnu99;
				GCC_NO_COMMON_BLOCKS = YES;
				GCC_WARN_64_TO_32_BIT_CONVERSION = YES;
				GCC_WARN_ABOUT_RETURN_TYPE = YES_ERROR;
				GCC_WARN_UNDECLARED_SELECTOR = YES;
				GCC_WARN_UNINITIALIZED_AUTOS = YES_AGGRESSIVE;
				GCC_WARN_UNUSED_FUNCTION = YES;
				GCC_WARN_UNUSED_VARIABLE = YES;
				IPHONEOS_DEPLOYMENT_TARGET = 10.3;
				MTL_ENABLE_DEBUG_INFO = NO;
				SDKROOT = iphoneos;
				SWIFT_OPTIMIZATION_LEVEL = "-Owholemodule";
				TARGETED_DEVICE_FAMILY = "1,2";
				VALIDATE_PRODUCT = YES;
			};
			name = Release;
		};
		3F3723371EDE23260009CE88 /* Debug */ = {
			isa = XCBuildConfiguration;
			buildSettings = {
				ASSETCATALOG_COMPILER_APPICON_NAME = AppIcon;
				INFOPLIST_FILE = HW7/Info.plist;
				LD_RUNPATH_SEARCH_PATHS = "$(inherited) @executable_path/Frameworks";
				PRODUCT_BUNDLE_IDENTIFIER = edu.gvsu.cis.HW7;
				PRODUCT_NAME = "$(TARGET_NAME)";
				SWIFT_VERSION = 3.0;
			};
			name = Debug;
		};
		3F3723381EDE23260009CE88 /* Release */ = {
			isa = XCBuildConfiguration;
			buildSettings = {
				ASSETCATALOG_COMPILER_APPICON_NAME = AppIcon;
				INFOPLIST_FILE = HW7/Info.plist;
				LD_RUNPATH_SEARCH_PATHS = "$(inherited) @executable_path/Frameworks";
				PRODUCT_BUNDLE_IDENTIFIER = edu.gvsu.cis.HW7;
				PRODUCT_NAME = "$(TARGET_NAME)";
				SWIFT_VERSION = 3.0;
			};
			name = Release;
		};
		3F37233A1EDE23260009CE88 /* Debug */ = {
			isa = XCBuildConfiguration;
			buildSettings = {
				ALWAYS_EMBED_SWIFT_STANDARD_LIBRARIES = YES;
				BUNDLE_LOADER = "$(TEST_HOST)";
				INFOPLIST_FILE = HW7Tests/Info.plist;
				LD_RUNPATH_SEARCH_PATHS = "$(inherited) @executable_path/Frameworks @loader_path/Frameworks";
				PRODUCT_BUNDLE_IDENTIFIER = edu.gvsu.cis.HW7Tests;
				PRODUCT_NAME = "$(TARGET_NAME)";
				SWIFT_VERSION = 3.0;
				TEST_HOST = "$(BUILT_PRODUCTS_DIR)/HW7.app/HW7";
			};
			name = Debug;
		};
		3F37233B1EDE23260009CE88 /* Release */ = {
			isa = XCBuildConfiguration;
			buildSettings = {
				ALWAYS_EMBED_SWIFT_STANDARD_LIBRARIES = YES;
				BUNDLE_LOADER = "$(TEST_HOST)";
				INFOPLIST_FILE = HW7Tests/Info.plist;
				LD_RUNPATH_SEARCH_PATHS = "$(inherited) @executable_path/Frameworks @loader_path/Frameworks";
				PRODUCT_BUNDLE_IDENTIFIER = edu.gvsu.cis.HW7Tests;
				PRODUCT_NAME = "$(TARGET_NAME)";
				SWIFT_VERSION = 3.0;
				TEST_HOST = "$(BUILT_PRODUCTS_DIR)/HW7.app/HW7";
			};
			name = Release;
		};
		3F37233D1EDE23260009CE88 /* Debug */ = {
			isa = XCBuildConfiguration;
			buildSettings = {
				ALWAYS_EMBED_SWIFT_STANDARD_LIBRARIES = YES;
				INFOPLIST_FILE = HW7UITests/Info.plist;
				LD_RUNPATH_SEARCH_PATHS = "$(inherited) @executable_path/Frameworks @loader_path/Frameworks";
				PRODUCT_BUNDLE_IDENTIFIER = edu.gvsu.cis.HW7UITests;
				PRODUCT_NAME = "$(TARGET_NAME)";
				SWIFT_VERSION = 3.0;
				TEST_TARGET_NAME = HW7;
			};
			name = Debug;
		};
		3F37233E1EDE23260009CE88 /* Release */ = {
			isa = XCBuildConfiguration;
			buildSettings = {
				ALWAYS_EMBED_SWIFT_STANDARD_LIBRARIES = YES;
				INFOPLIST_FILE = HW7UITests/Info.plist;
				LD_RUNPATH_SEARCH_PATHS = "$(inherited) @executable_path/Frameworks @loader_path/Frameworks";
				PRODUCT_BUNDLE_IDENTIFIER = edu.gvsu.cis.HW7UITests;
				PRODUCT_NAME = "$(TARGET_NAME)";
				SWIFT_VERSION = 3.0;
				TEST_TARGET_NAME = HW7;
			};
			name = Release;
		};
/* End XCBuildConfiguration section */

/* Begin XCConfigurationList section */
		3F3723091EDE23260009CE88 /* Build configuration list for PBXProject "HW7" */ = {
			isa = XCConfigurationList;
			buildConfigurations = (
				3F3723341EDE23260009CE88 /* Debug */,
				3F3723351EDE23260009CE88 /* Release */,
			);
			defaultConfigurationIsVisible = 0;
			defaultConfigurationName = Release;
		};
		3F3723361EDE23260009CE88 /* Build configuration list for PBXNativeTarget "HW7" */ = {
			isa = XCConfigurationList;
			buildConfigurations = (
				3F3723371EDE23260009CE88 /* Debug */,
				3F3723381EDE23260009CE88 /* Release */,
			);
			defaultConfigurationIsVisible = 0;
		};
		3F3723391EDE23260009CE88 /* Build configuration list for PBXNativeTarget "HW7Tests" */ = {
			isa = XCConfigurationList;
			buildConfigurations = (
				3F37233A1EDE23260009CE88 /* Debug */,
				3F37233B1EDE23260009CE88 /* Release */,
			);
			defaultConfigurationIsVisible = 0;
		};
		3F37233C1EDE23260009CE88 /* Build configuration list for PBXNativeTarget "HW7UITests" */ = {
			isa = XCConfigurationList;
			buildConfigurations = (
				3F37233D1EDE23260009CE88 /* Debug */,
				3F37233E1EDE23260009CE88 /* Release */,
			);
			defaultConfigurationIsVisible = 0;
		};
/* End XCConfigurationList section */
	};
	rootObject = 3F3723061EDE23260009CE88 /* Project object */;
}
